
Microsoft Visual Studio Solution File, Format Version 12.00
# Visual Studio Version 17
VisualStudioVersion = 17.0.32126.317
MinimumVisualStudioVersion = 10.0.40219.1
Project("{FAE04EC0-301F-11D3-BF4B-00C04F79EFBC}") = "ApiQuala", "ApiQuala\ApiQuala.csproj", "{15ECCE41-409D-4C77-8B3D-4B5A26BDE6C3}"
EndProject
Project("{FAE04EC0-301F-11D3-BF4B-00C04F79EFBC}") = "ApiQuala.DataAccess", "ApiQuala.DataAccess\ApiQuala.DataAccess.csproj", "{91F2722B-ECA9-4340-BFB3-06A9E89D7CD9}"
EndProject
Project("{FAE04EC0-301F-11D3-BF4B-00C04F79EFBC}") = "ApiQuala.Business", "ApiQuala.Business\ApiQuala.Business.csproj", "{6290252C-9D10-4929-A120-63E27553BA9C}"
EndProject
Project("{FAE04EC0-301F-11D3-BF4B-00C04F79EFBC}") = "ApiQuala.Entities", "ApiQuala.Entities\ApiQuala.Entities.csproj", "{48EF61BC-143A-448D-AA27-D3D2B8D012A3}"
EndProject
Global
	GlobalSection(SolutionConfigurationPlatforms) = preSolution
		Debug|Any CPU = Debug|Any CPU
		Release|Any CPU = Release|Any CPU
	EndGlobalSection
	GlobalSection(ProjectConfigurationPlatforms) = postSolution
		{15ECCE41-409D-4C77-8B3D-4B5A26BDE6C3}.Debug|Any CPU.ActiveCfg = Debug|Any CPU
		{15ECCE41-409D-4C77-8B3D-4B5A26BDE6C3}.Debug|Any CPU.Build.0 = Debug|Any CPU
		{15ECCE41-409D-4C77-8B3D-4B5A26BDE6C3}.Release|Any CPU.ActiveCfg = Release|Any CPU
		{15ECCE41-409D-4C77-8B3D-4B5A26BDE6C3}.Release|Any CPU.Build.0 = Release|Any CPU
		{91F2722B-ECA9-4340-BFB3-06A9E89D7CD9}.Debug|Any CPU.ActiveCfg = Debug|Any CPU
		{91F2722B-ECA9-4340-BFB3-06A9E89D7CD9}.Debug|Any CPU.Build.0 = Debug|Any CPU
		{91F2722B-ECA9-4340-BFB3-06A9E89D7CD9}.Release|Any CPU.ActiveCfg = Release|Any CPU
		{91F2722B-ECA9-4340-BFB3-06A9E89D7CD9}.Release|Any CPU.Build.0 = Release|Any CPU
		{6290252C-9D10-4929-A120-63E27553BA9C}.Debug|Any CPU.ActiveCfg = Debug|Any CPU
		{6290252C-9D10-4929-A120-63E27553BA9C}.Debug|Any CPU.Build.0 = Debug|Any CPU
		{6290252C-9D10-4929-A120-63E27553BA9C}.Release|Any CPU.ActiveCfg = Release|Any CPU
		{6290252C-9D10-4929-A120-63E27553BA9C}.Release|Any CPU.Build.0 = Release|Any CPU
		{48EF61BC-143A-448D-AA27-D3D2B8D012A3}.Debug|Any CPU.ActiveCfg = Debug|Any CPU
		{48EF61BC-143A-448D-AA27-D3D2B8D012A3}.Debug|Any CPU.Build.0 = Debug|Any CPU
		{48EF61BC-143A-448D-AA27-D3D2B8D012A3}.Release|Any CPU.ActiveCfg = Release|Any CPU
		{48EF61BC-143A-448D-AA27-D3D2B8D012A3}.Release|Any CPU.Build.0 = Release|Any CPU
	EndGlobalSection
	GlobalSection(SolutionProperties) = preSolution
		HideSolutionNode = FALSE
	EndGlobalSection
	GlobalSection(ExtensibilityGlobals) = postSolution
		SolutionGuid = {F54D5917-09D0-4DC7-BA98-9CC3D417EC7A}
	EndGlobalSection
EndGlobal
